
Microsoft Visual Studio Solution File, Format Version 12.00
# Visual Studio Version 17
VisualStudioVersion = 17.1.32210.238
MinimumVisualStudioVersion = 10.0.40219.1
Project("{FAE04EC0-301F-11D3-BF4B-00C04F79EFBC}") = "EmployeeM", "EmployeeM\EmployeeM.csproj", "{041109AF-F46E-4096-B754-8411D92991CB}"
EndProject
Global
	GlobalSection(SolutionConfigurationPlatforms) = preSolution
		Debug|Any CPU = Debug|Any CPU
		Release|Any CPU = Release|Any CPU
	EndGlobalSection
	GlobalSection(ProjectConfigurationPlatforms) = postSolution
		{041109AF-F46E-4096-B754-8411D92991CB}.Debug|Any CPU.ActiveCfg = Debug|Any CPU
		{041109AF-F46E-4096-B754-8411D92991CB}.Debug|Any CPU.Build.0 = Debug|Any CPU
		{041109AF-F46E-4096-B754-8411D92991CB}.Release|Any CPU.ActiveCfg = Release|Any CPU
		{041109AF-F46E-4096-B754-8411D92991CB}.Release|Any CPU.Build.0 = Release|Any CPU
	EndGlobalSection
	GlobalSection(SolutionProperties) = preSolution
		HideSolutionNode = FALSE
	EndGlobalSection
	GlobalSection(ExtensibilityGlobals) = postSolution
		SolutionGuid = {CFE60120-5497-405B-B6AB-ED69A9FEB240}
	EndGlobalSection
EndGlobal
